
Microsoft Visual Studio Solution File, Format Version 12.00
# Visual Studio 15
Project("{FAE04EC0-301F-11D3-BF4B-00C04F79EFBC}") = "OBS.WebSocket.NET", "OBS.WebSocket.NET\OBS.WebSocket.NET.csproj", "{8FDA3AB1-2834-4BB6-A42F-D8360475ADB5}"
EndProject
Project("{FAE04EC0-301F-11D3-BF4B-00C04F79EFBC}") = "ObsBridgeCore", "ObsBridgeCore\ObsBridgeCore.csproj", "{86BACC57-317C-4095-9629-F89B0CEBDADC}"
EndProject
Project("{9344BDBB-3E7F-41FC-A0DD-8665D75EE146}") = "ObsTallyLight", "ObsTallyLight\ObsTallyLight.csproj", "{F5352922-1FAB-4B9B-839B-2C26DFAD57E9}"
EndProject
Global
	GlobalSection(SolutionConfigurationPlatforms) = preSolution
		Debug|Any CPU = Debug|Any CPU
		Release|Any CPU = Release|Any CPU
	EndGlobalSection
	GlobalSection(ProjectConfigurationPlatforms) = postSolution
		{8FDA3AB1-2834-4BB6-A42F-D8360475ADB5}.Debug|Any CPU.ActiveCfg = Debug|Any CPU
		{8FDA3AB1-2834-4BB6-A42F-D8360475ADB5}.Debug|Any CPU.Build.0 = Debug|Any CPU
		{8FDA3AB1-2834-4BB6-A42F-D8360475ADB5}.Release|Any CPU.ActiveCfg = Release|Any CPU
		{8FDA3AB1-2834-4BB6-A42F-D8360475ADB5}.Release|Any CPU.Build.0 = Release|Any CPU
		{86BACC57-317C-4095-9629-F89B0CEBDADC}.Debug|Any CPU.ActiveCfg = Debug|Any CPU
		{86BACC57-317C-4095-9629-F89B0CEBDADC}.Debug|Any CPU.Build.0 = Debug|Any CPU
		{86BACC57-317C-4095-9629-F89B0CEBDADC}.Release|Any CPU.ActiveCfg = Release|Any CPU
		{86BACC57-317C-4095-9629-F89B0CEBDADC}.Release|Any CPU.Build.0 = Release|Any CPU
		{F5352922-1FAB-4B9B-839B-2C26DFAD57E9}.Debug|Any CPU.ActiveCfg = Debug|Any CPU
		{F5352922-1FAB-4B9B-839B-2C26DFAD57E9}.Debug|Any CPU.Build.0 = Debug|Any CPU
		{F5352922-1FAB-4B9B-839B-2C26DFAD57E9}.Release|Any CPU.ActiveCfg = Release|Any CPU
		{F5352922-1FAB-4B9B-839B-2C26DFAD57E9}.Release|Any CPU.Build.0 = Release|Any CPU
	EndGlobalSection
EndGlobal
